
Microsoft Visual Studio Solution File, Format Version 12.00
# Visual Studio Version 17
VisualStudioVersion = 17.10.35027.167
MinimumVisualStudioVersion = 10.0.40219.1
Project("{FAE04EC0-301F-11D3-BF4B-00C04F79EFBC}") = "EFCore", "EFCore.csproj", "{2FD0F9FC-8BB9-4489-8682-5473073C063B}"
EndProject
Global
	GlobalSection(SolutionConfigurationPlatforms) = preSolution
		Debug|Any CPU = Debug|Any CPU
		Release|Any CPU = Release|Any CPU
	EndGlobalSection
	GlobalSection(ProjectConfigurationPlatforms) = postSolution
		{2FD0F9FC-8BB9-4489-8682-5473073C063B}.Debug|Any CPU.ActiveCfg = Debug|Any CPU
		{2FD0F9FC-8BB9-4489-8682-5473073C063B}.Debug|Any CPU.Build.0 = Debug|Any CPU
		{2FD0F9FC-8BB9-4489-8682-5473073C063B}.Release|Any CPU.ActiveCfg = Release|Any CPU
		{2FD0F9FC-8BB9-4489-8682-5473073C063B}.Release|Any CPU.Build.0 = Release|Any CPU
	EndGlobalSection
	GlobalSection(SolutionProperties) = preSolution
		HideSolutionNode = FALSE
	EndGlobalSection
	GlobalSection(ExtensibilityGlobals) = postSolution
		SolutionGuid = {D9CE740D-9420-4A2E-9FE1-A048A380CE1A}
	EndGlobalSection
EndGlobal
