
Microsoft Visual Studio Solution File, Format Version 12.00
# Visual Studio Version 17
VisualStudioVersion = 17.10.35201.131
MinimumVisualStudioVersion = 10.0.40219.1
Project("{FAE04EC0-301F-11D3-BF4B-00C04F79EFBC}") = "EfCore", "EfCore\EfCore.csproj", "{14088519-F348-479A-A8B6-0857028917D4}"
EndProject
Global
	GlobalSection(SolutionConfigurationPlatforms) = preSolution
		Debug|Any CPU = Debug|Any CPU
		Release|Any CPU = Release|Any CPU
	EndGlobalSection
	GlobalSection(ProjectConfigurationPlatforms) = postSolution
		{14088519-F348-479A-A8B6-0857028917D4}.Debug|Any CPU.ActiveCfg = Debug|Any CPU
		{14088519-F348-479A-A8B6-0857028917D4}.Debug|Any CPU.Build.0 = Debug|Any CPU
		{14088519-F348-479A-A8B6-0857028917D4}.Release|Any CPU.ActiveCfg = Release|Any CPU
		{14088519-F348-479A-A8B6-0857028917D4}.Release|Any CPU.Build.0 = Release|Any CPU
	EndGlobalSection
	GlobalSection(SolutionProperties) = preSolution
		HideSolutionNode = FALSE
	EndGlobalSection
	GlobalSection(ExtensibilityGlobals) = postSolution
		SolutionGuid = {633AA726-7688-4436-9CD6-D0916F88A3F2}
	EndGlobalSection
EndGlobal
